langcode: en
status: true
dependencies:
  config:
    - field.storage.paragraph.w3css_content_drupal_block
    - paragraphs.paragraphs_type.w3css_block
id: paragraph.w3css_block.w3css_content_drupal_block
field_name: w3css_content_drupal_block
entity_type: paragraph
bundle: w3css_block
label: 'Drupal Block'
description: ''
required: false
translatable: false
default_value: {  }
default_value_callback: ''
settings:
  handler: 'default:block'
  handler_settings:
    target_bundles: null
    auto_create: false
field_type: entity_reference
